
Microsoft Visual Studio Solution File, Format Version 12.00
# Visual Studio 15
Project("{FAE04EC0-301F-11D3-BF4B-00C04F79EFBC}") = "Assembly-CSharp", "Assembly-CSharp.csproj", "{489CA3C4-DFBE-AA71-CF2A-406118B5137C}"
EndProject
Project("{FAE04EC0-301F-11D3-BF4B-00C04F79EFBC}") = "PhotonUnityNetworking.Demos", "PhotonUnityNetworking.Demos.csproj", "{95E53BB6-AAD1-2051-5427-EB788B9AE341}"
EndProject
Project("{FAE04EC0-301F-11D3-BF4B-00C04F79EFBC}") = "PhotonUnityNetworking.Utilities", "PhotonUnityNetworking.Utilities.csproj", "{ECAC5842-A699-CE74-450D-BF97C3DA944B}"
EndProject
Project("{FAE04EC0-301F-11D3-BF4B-00C04F79EFBC}") = "PhotonChat", "PhotonChat.csproj", "{C1C2C384-700F-49F4-1529-1E8679E56912}"
EndProject
Project("{FAE04EC0-301F-11D3-BF4B-00C04F79EFBC}") = "PhotonUnityNetworking", "PhotonUnityNetworking.csproj", "{A7718AC5-1C60-5436-6976-4A02FD54A1C1}"
EndProject
Project("{FAE04EC0-301F-11D3-BF4B-00C04F79EFBC}") = "PhotonRealtime", "PhotonRealtime.csproj", "{C4C7E584-F374-7134-63F3-3113A71D2A51}"
EndProject
Project("{FAE04EC0-301F-11D3-BF4B-00C04F79EFBC}") = "PhotonWebSocket", "PhotonWebSocket.csproj", "{FA536702-2B97-32C7-0776-C356EB919E34}"
EndProject
Project("{FAE04EC0-301F-11D3-BF4B-00C04F79EFBC}") = "PhotonUnityNetworking.Editor", "PhotonUnityNetworking.Editor.csproj", "{294DFB3C-94C1-608A-B2D0-58BB777C29A6}"
EndProject
Project("{FAE04EC0-301F-11D3-BF4B-00C04F79EFBC}") = "PunDemos.DemoHubEditor", "PunDemos.DemoHubEditor.csproj", "{BD37200E-D74A-49DD-D4B6-FBE9B2419449}"
EndProject
Project("{FAE04EC0-301F-11D3-BF4B-00C04F79EFBC}") = "PhotonUnityNetworking.Utilities.PhotonPlayer.Editor", "PhotonUnityNetworking.Utilities.PhotonPlayer.Editor.csproj", "{1B7DC176-DE3B-8114-B178-C224F53BDB12}"
EndProject
Project("{FAE04EC0-301F-11D3-BF4B-00C04F79EFBC}") = "PhotonUnityNetworking.Utilities.Culling.Editor", "PhotonUnityNetworking.Utilities.Culling.Editor.csproj", "{433028DF-34D6-F392-189C-7AE198318DB0}"
EndProject
Project("{FAE04EC0-301F-11D3-BF4B-00C04F79EFBC}") = "PunDemos.DemoSlotcarEditor", "PunDemos.DemoSlotcarEditor.csproj", "{468F3A74-B8F4-1852-DB11-21B97B910834}"
EndProject
Project("{FAE04EC0-301F-11D3-BF4B-00C04F79EFBC}") = "Assembly-CSharp-Editor", "Assembly-CSharp-Editor.csproj", "{80D34AB7-894A-3F69-84D6-925632BD8ECD}"
EndProject
Global
	GlobalSection(SolutionConfigurationPlatforms) = preSolution
		Debug|Any CPU = Debug|Any CPU
		Release|Any CPU = Release|Any CPU
	EndGlobalSection
	GlobalSection(ProjectConfigurationPlatforms) = postSolution
		{489CA3C4-DFBE-AA71-CF2A-406118B5137C}.Debug|Any CPU.ActiveCfg = Debug|Any CPU
		{489CA3C4-DFBE-AA71-CF2A-406118B5137C}.Debug|Any CPU.Build.0 = Debug|Any CPU
		{489CA3C4-DFBE-AA71-CF2A-406118B5137C}.Release|Any CPU.ActiveCfg = Release|Any CPU
		{489CA3C4-DFBE-AA71-CF2A-406118B5137C}.Release|Any CPU.Build.0 = Release|Any CPU
		{95E53BB6-AAD1-2051-5427-EB788B9AE341}.Debug|Any CPU.ActiveCfg = Debug|Any CPU
		{95E53BB6-AAD1-2051-5427-EB788B9AE341}.Debug|Any CPU.Build.0 = Debug|Any CPU
		{95E53BB6-AAD1-2051-5427-EB788B9AE341}.Release|Any CPU.ActiveCfg = Release|Any CPU
		{95E53BB6-AAD1-2051-5427-EB788B9AE341}.Release|Any CPU.Build.0 = Release|Any CPU
		{ECAC5842-A699-CE74-450D-BF97C3DA944B}.Debug|Any CPU.ActiveCfg = Debug|Any CPU
		{ECAC5842-A699-CE74-450D-BF97C3DA944B}.Debug|Any CPU.Build.0 = Debug|Any CPU
		{ECAC5842-A699-CE74-450D-BF97C3DA944B}.Release|Any CPU.ActiveCfg = Release|Any CPU
		{ECAC5842-A699-CE74-450D-BF97C3DA944B}.Release|Any CPU.Build.0 = Release|Any CPU
		{C1C2C384-700F-49F4-1529-1E8679E56912}.Debug|Any CPU.ActiveCfg = Debug|Any CPU
		{C1C2C384-700F-49F4-1529-1E8679E56912}.Debug|Any CPU.Build.0 = Debug|Any CPU
		{C1C2C384-700F-49F4-1529-1E8679E56912}.Release|Any CPU.ActiveCfg = Release|Any CPU
		{C1C2C384-700F-49F4-1529-1E8679E56912}.Release|Any CPU.Build.0 = Release|Any CPU
		{A7718AC5-1C60-5436-6976-4A02FD54A1C1}.Debug|Any CPU.ActiveCfg = Debug|Any CPU
		{A7718AC5-1C60-5436-6976-4A02FD54A1C1}.Debug|Any CPU.Build.0 = Debug|Any CPU
		{A7718AC5-1C60-5436-6976-4A02FD54A1C1}.Release|Any CPU.ActiveCfg = Release|Any CPU
		{A7718AC5-1C60-5436-6976-4A02FD54A1C1}.Release|Any CPU.Build.0 = Release|Any CPU
		{C4C7E584-F374-7134-63F3-3113A71D2A51}.Debug|Any CPU.ActiveCfg = Debug|Any CPU
		{C4C7E584-F374-7134-63F3-3113A71D2A51}.Debug|Any CPU.Build.0 = Debug|Any CPU
		{C4C7E584-F374-7134-63F3-3113A71D2A51}.Release|Any CPU.ActiveCfg = Release|Any CPU
		{C4C7E584-F374-7134-63F3-3113A71D2A51}.Release|Any CPU.Build.0 = Release|Any CPU
		{FA536702-2B97-32C7-0776-C356EB919E34}.Debug|Any CPU.ActiveCfg = Debug|Any CPU
		{FA536702-2B97-32C7-0776-C356EB919E34}.Debug|Any CPU.Build.0 = Debug|Any CPU
		{FA536702-2B97-32C7-0776-C356EB919E34}.Release|Any CPU.ActiveCfg = Release|Any CPU
		{FA536702-2B97-32C7-0776-C356EB919E34}.Release|Any CPU.Build.0 = Release|Any CPU
		{294DFB3C-94C1-608A-B2D0-58BB777C29A6}.Debug|Any CPU.ActiveCfg = Debug|Any CPU
		{294DFB3C-94C1-608A-B2D0-58BB777C29A6}.Debug|Any CPU.Build.0 = Debug|Any CPU
		{294DFB3C-94C1-608A-B2D0-58BB777C29A6}.Release|Any CPU.ActiveCfg = Release|Any CPU
		{294DFB3C-94C1-608A-B2D0-58BB777C29A6}.Release|Any CPU.Build.0 = Release|Any CPU
		{BD37200E-D74A-49DD-D4B6-FBE9B2419449}.Debug|Any CPU.ActiveCfg = Debug|Any CPU
		{BD37200E-D74A-49DD-D4B6-FBE9B2419449}.Debug|Any CPU.Build.0 = Debug|Any CPU
		{BD37200E-D74A-49DD-D4B6-FBE9B2419449}.Release|Any CPU.ActiveCfg = Release|Any CPU
		{BD37200E-D74A-49DD-D4B6-FBE9B2419449}.Release|Any CPU.Build.0 = Release|Any CPU
		{1B7DC176-DE3B-8114-B178-C224F53BDB12}.Debug|Any CPU.ActiveCfg = Debug|Any CPU
		{1B7DC176-DE3B-8114-B178-C224F53BDB12}.Debug|Any CPU.Build.0 = Debug|Any CPU
		{1B7DC176-DE3B-8114-B178-C224F53BDB12}.Release|Any CPU.ActiveCfg = Release|Any CPU
		{1B7DC176-DE3B-8114-B178-C224F53BDB12}.Release|Any CPU.Build.0 = Release|Any CPU
		{433028DF-34D6-F392-189C-7AE198318DB0}.Debug|Any CPU.ActiveCfg = Debug|Any CPU
		{433028DF-34D6-F392-189C-7AE198318DB0}.Debug|Any CPU.Build.0 = Debug|Any CPU
		{433028DF-34D6-F392-189C-7AE198318DB0}.Release|Any CPU.ActiveCfg = Release|Any CPU
		{433028DF-34D6-F392-189C-7AE198318DB0}.Release|Any CPU.Build.0 = Release|Any CPU
		{468F3A74-B8F4-1852-DB11-21B97B910834}.Debug|Any CPU.ActiveCfg = Debug|Any CPU
		{468F3A74-B8F4-1852-DB11-21B97B910834}.Debug|Any CPU.Build.0 = Debug|Any CPU
		{468F3A74-B8F4-1852-DB11-21B97B910834}.Release|Any CPU.ActiveCfg = Release|Any CPU
		{468F3A74-B8F4-1852-DB11-21B97B910834}.Release|Any CPU.Build.0 = Release|Any CPU
		{80D34AB7-894A-3F69-84D6-925632BD8ECD}.Debug|Any CPU.ActiveCfg = Debug|Any CPU
		{80D34AB7-894A-3F69-84D6-925632BD8ECD}.Debug|Any CPU.Build.0 = Debug|Any CPU
		{80D34AB7-894A-3F69-84D6-925632BD8ECD}.Release|Any CPU.ActiveCfg = Release|Any CPU
		{80D34AB7-894A-3F69-84D6-925632BD8ECD}.Release|Any CPU.Build.0 = Release|Any CPU
	EndGlobalSection
	GlobalSection(SolutionProperties) = preSolution
		HideSolutionNode = FALSE
	EndGlobalSection
EndGlobal
